<?xml version="1.0" encoding="utf-8"?>
<Project ToolsVersion="4.0" xmlns="http://schemas.microsoft.com/developer/msbuild/2003">
  <ItemGroup>
    <Filter Include="Source Files">
      <UniqueIdentifier>{4FC737F1-C7A5-4376-A066-2A32D752A2FF}</UniqueIdentifier>
      <Extensions>cpp;c;cc;cxx;def;odl;idl;hpj;bat;asm;asmx</Extensions>
    </Filter>
    <Filter Include="Header Files">
      <UniqueIdentifier>{93995380-89BD-4b04-88EB-625FBE52EBFB}</UniqueIdentifier>
      <Extensions>h;hh;hpp;hxx;hm;inl;inc;ipp;xsd</Extensions>
    </Filter>
    <Filter Include="Resource Files">
      <UniqueIdentifier>{67DA6AB6-F800-4c08-8B7A-83BB121AAD01}</UniqueIdentifier>
      <Extensions>rc;ico;cur;bmp;dlg;rc2;rct;bin;rgs;gif;jpg;jpeg;jpe;resx;tiff;tif;png;wav;mfcribbon-ms</Extensions>
    </Filter>
    <Filter Include="Source Files\Models">
      <UniqueIdentifier>{c0a008c1-514b-4827-8fd2-67f0d14c54cf}</UniqueIdentifier>
    </Filter>
    <Filter Include="Source Files\Views">
      <UniqueIdentifier>{2bb3c64d-65fb-4a14-b97a-901512a00c4f}</UniqueIdentifier>
    </Filter>
    <Filter Include="Source Files\Models\SDL">
      <UniqueIdentifier>{f0c96fe8-bb7a-4b2e-8f87-6f3ae8d614ad}</UniqueIdentifier>
    </Filter>
    <Filter Include="Source Files\Utility">
      <UniqueIdentifier>{782d398d-d9da-42fb-bed1-bca1019e73cb}</UniqueIdentifier>
    </Filter>
  </ItemGroup>
  <ItemGroup>
    <ClCompile Include="Hydrus.cpp">
      <Filter>Source Files</Filter>
    </ClCompile>
    <ClCompile Include="Grid.hpp">
      <Filter>Header Files</Filter>
    </ClCompile>
    <ClCompile Include="HydrusCall.cpp">
      <Filter>Source Files\Models</Filter>
    </ClCompile>
    <ClCompile Include="Grid.cpp">
      <Filter>Source Files\Models</Filter>
    </ClCompile>
    <ClCompile Include="Image.cpp">
      <Filter>Source Files\Models</Filter>
    </ClCompile>
    <ClCompile Include="Tag.cpp">
      <Filter>Source Files\Models</Filter>
    </ClCompile>
    <ClCompile Include="ViewImage.cpp">
      <Filter>Source Files\Views</Filter>
    </ClCompile>
    <ClCompile Include="SettingsView.cpp">
      <Filter>Source Files\Views</Filter>
    </ClCompile>
    <ClCompile Include="NavBar.cpp">
      <Filter>Source Files\Views</Filter>
    </ClCompile>
    <ClCompile Include="MovableRect.cpp">
      <Filter>Source Files\Models</Filter>
    </ClCompile>
    <ClCompile Include="MovableImage.cpp">
      <Filter>Source Files\Models</Filter>
    </ClCompile>
    <ClCompile Include="RenderWindow.cpp">
      <Filter>Source Files\Models\SDL</Filter>
    </ClCompile>
    <ClCompile Include="SearchBox.cpp">
      <Filter>Source Files\Models</Filter>
    </ClCompile>
    <ClCompile Include="TextBox.cpp">
      <Filter>Source Files\Models</Filter>
    </ClCompile>
    <ClCompile Include="Utils.cpp">
      <Filter>Source Files\Utility</Filter>
    </ClCompile>
    <ClCompile Include="User.cpp">
      <Filter>Source Files\Models</Filter>
    </ClCompile>
    <ClCompile Include="RadioButton.cpp">
      <Filter>Source Files\Models</Filter>
    </ClCompile>
    <ClCompile Include="Div.cpp">
      <Filter>Source Files\Views</Filter>
    </ClCompile>
  </ItemGroup>
  <ItemGroup>
    <ClInclude Include="HydrusCall.hpp">
      <Filter>Header Files</Filter>
    </ClInclude>
    <ClInclude Include="Image.hpp">
      <Filter>Header Files</Filter>
    </ClInclude>
    <ClInclude Include="Utils.hpp">
      <Filter>Header Files</Filter>
    </ClInclude>
    <ClInclude Include="RenderWindow.hpp">
      <Filter>Header Files</Filter>
    </ClInclude>
    <ClInclude Include="TextBox.hpp">
      <Filter>Header Files</Filter>
    </ClInclude>
    <ClInclude Include="Tag.hpp">
      <Filter>Header Files</Filter>
    </ClInclude>
    <ClInclude Include="SearchBox.hpp">
      <Filter>Header Files</Filter>
    </ClInclude>
    <ClInclude Include="SettingsView.hpp">
      <Filter>Header Files</Filter>
    </ClInclude>
    <ClInclude Include="MovableRect.h">
      <Filter>Header Files</Filter>
    </ClInclude>
    <ClInclude Include="NavBar.hpp">
      <Filter>Header Files</Filter>
    </ClInclude>
    <ClInclude Include="MovableImage.h">
      <Filter>Header Files</Filter>
    </ClInclude>
    <ClInclude Include="User.hpp">
      <Filter>Header Files</Filter>
    </ClInclude>
    <ClInclude Include="RadioButton.h">
      <Filter>Header Files</Filter>
    </ClInclude>
    <ClInclude Include="MovableCircle.h">
      <Filter>Header Files</Filter>
    </ClInclude>
    <ClInclude Include="Div.h">
      <Filter>Header Files</Filter>
    </ClInclude>
  </ItemGroup>
</Project>